
Microsoft Visual Studio Solution File, Format Version 12.00
# Visual Studio Version 17
VisualStudioVersion = 17.8.34330.188
MinimumVisualStudioVersion = 10.0.40219.1
Project("{FAE04EC0-301F-11D3-BF4B-00C04F79EFBC}") = "PaymentGateway.API", "PaymentGateway.API\PaymentGateway.API.csproj", "{FB59EB72-1FD1-40C3-AD2C-2FBCFFDEF937}"
EndProject
Project("{FAE04EC0-301F-11D3-BF4B-00C04F79EFBC}") = "PaymentGateway.Domain", "PaymentGateway.Domain\PaymentGateway.Domain.csproj", "{EA9C7C7A-2771-4820-B085-B501A8414732}"
EndProject
Project("{FAE04EC0-301F-11D3-BF4B-00C04F79EFBC}") = "PaymentGateway.Application", "PaymentGateway.Application\PaymentGateway.Application.csproj", "{31915373-A1A9-4862-B448-9BCCF6D02486}"
EndProject
Global
	GlobalSection(SolutionConfigurationPlatforms) = preSolution
		Debug|Any CPU = Debug|Any CPU
		Release|Any CPU = Release|Any CPU
	EndGlobalSection
	GlobalSection(ProjectConfigurationPlatforms) = postSolution
		{FB59EB72-1FD1-40C3-AD2C-2FBCFFDEF937}.Debug|Any CPU.ActiveCfg = Debug|Any CPU
		{FB59EB72-1FD1-40C3-AD2C-2FBCFFDEF937}.Debug|Any CPU.Build.0 = Debug|Any CPU
		{FB59EB72-1FD1-40C3-AD2C-2FBCFFDEF937}.Release|Any CPU.ActiveCfg = Release|Any CPU
		{FB59EB72-1FD1-40C3-AD2C-2FBCFFDEF937}.Release|Any CPU.Build.0 = Release|Any CPU
		{EA9C7C7A-2771-4820-B085-B501A8414732}.Debug|Any CPU.ActiveCfg = Debug|Any CPU
		{EA9C7C7A-2771-4820-B085-B501A8414732}.Debug|Any CPU.Build.0 = Debug|Any CPU
		{EA9C7C7A-2771-4820-B085-B501A8414732}.Release|Any CPU.ActiveCfg = Release|Any CPU
		{EA9C7C7A-2771-4820-B085-B501A8414732}.Release|Any CPU.Build.0 = Release|Any CPU
		{31915373-A1A9-4862-B448-9BCCF6D02486}.Debug|Any CPU.ActiveCfg = Debug|Any CPU
		{31915373-A1A9-4862-B448-9BCCF6D02486}.Debug|Any CPU.Build.0 = Debug|Any CPU
		{31915373-A1A9-4862-B448-9BCCF6D02486}.Release|Any CPU.ActiveCfg = Release|Any CPU
		{31915373-A1A9-4862-B448-9BCCF6D02486}.Release|Any CPU.Build.0 = Release|Any CPU
	EndGlobalSection
	GlobalSection(SolutionProperties) = preSolution
		HideSolutionNode = FALSE
	EndGlobalSection
	GlobalSection(ExtensibilityGlobals) = postSolution
		SolutionGuid = {9CC4AE33-0514-4E5C-B63F-D8CB1029BAFF}
	EndGlobalSection
EndGlobal
